{
    "_readme": [
        "This file locks the dependencies of your project to a known state",
        "Read more about it at https://getcomposer.org/doc/01-basic-usage.md#composer-lock-the-lock-file",
        "This file is @generated automatically"
    ],
    "content-hash": "3b53a0b5243ba17b1edfd08196df8835",
    "packages": [
        {
            "name": "webonyx/graphql-php",
            "version": "v0.11.4",
            "source": {
                "type": "git",
                "url": "https://github.com/webonyx/graphql-php.git",
                "reference": "3536280fac093cd482c439d4cf361ff60d3e47e6"
            },
            "dist": {
                "type": "zip",
                "url": "https://api.github.com/repos/webonyx/graphql-php/zipball/3536280fac093cd482c439d4cf361ff60d3e47e6",
                "reference": "3536280fac093cd482c439d4cf361ff60d3e47e6",
                "shasum": ""
            },
            "require": {
                "ext-mbstring": "*",
                "php": ">=5.5,<8.0-DEV"
            },
            "require-dev": {
                "phpunit/phpunit": "^4.8",
                "psr/http-message": "^1.0"
            },
            "suggest": {
                "psr/http-message": "To use standard GraphQL server",
                "react/promise": "To leverage async resolving on React PHP platform"
            },
            "type": "library",
            "autoload": {
                "files": [
                    "src/deprecated.php"
                ],
                "psr-4": {
                    "GraphQL\\": "src/"
                }
            },
            "notification-url": "https://packagist.org/downloads/",
            "license": [
                "BSD"
            ],
            "description": "A PHP port of GraphQL reference implementation",
            "homepage": "https://github.com/webonyx/graphql-php",
            "keywords": [
                "api",
                "graphql"
            ],
            "time": "2017-11-28T13:27:06+00:00"
        }
    ],
    "packages-dev": [],
    "aliases": [],
    "minimum-stability": "stable",
    "stability-flags": [],
    "prefer-stable": false,
    "prefer-lowest": false,
    "platform": [],
    "platform-dev": []
}
